// !$*UTF8*$!
{
	archiveVersion = 1;
	classes = {
	};
	objectVersion = 56;
	objects = {

/* Begin PBXBuildFile section */
		3061E9802C5178B90044B576 /* Registrationview.swift in Sources */ = {isa = PBXBuildFile; fileRef = 3061E97F2C5178B90044B576 /* Registrationview.swift */; };
		3061E9832C5179190044B576 /* CustomTextFieldView.swift in Sources */ = {isa = PBXBuildFile; fileRef = 3061E9822C5179190044B576 /* CustomTextFieldView.swift */; };
		3061E9862C517A020044B576 /* RegistrationViewModel.swift in Sources */ = {isa = PBXBuildFile; fileRef = 3061E9852C517A020044B576 /* RegistrationViewModel.swift */; };
		3061E9882C517AE80044B576 /* CustomButtonView.swift in Sources */ = {isa = PBXBuildFile; fileRef = 3061E9872C517AE80044B576 /* CustomButtonView.swift */; };
		3061E98C2C517BC90044B576 /* FastTrack.xcdatamodeld in Sources */ = {isa = PBXBuildFile; fileRef = 3061E98A2C517BC90044B576 /* FastTrack.xcdatamodeld */; };
		3061E98E2C517BE20044B576 /* CoreDataManager.swift in Sources */ = {isa = PBXBuildFile; fileRef = 3061E98D2C517BE20044B576 /* CoreDataManager.swift */; };
		3061E99B2C53CBF50044B576 /* ProgressCircleView.swift in Sources */ = {isa = PBXBuildFile; fileRef = 3061E99A2C53CBF50044B576 /* ProgressCircleView.swift */; };
		3061E9A12C53E97D0044B576 /* PlacesView.swift in Sources */ = {isa = PBXBuildFile; fileRef = 3061E9A02C53E97D0044B576 /* PlacesView.swift */; };
		3061E9A32C53F4DB0044B576 /* toolbarView.swift in Sources */ = {isa = PBXBuildFile; fileRef = 3061E9A22C53F4DB0044B576 /* toolbarView.swift */; };
		3061E9A52C540CDF0044B576 /* OrangeButtonView.swift in Sources */ = {isa = PBXBuildFile; fileRef = 3061E9A42C540CDF0044B576 /* OrangeButtonView.swift */; };
		3061E9A72C540E8E0044B576 /* PlaceViewModel.swift in Sources */ = {isa = PBXBuildFile; fileRef = 3061E9A62C540E8E0044B576 /* PlaceViewModel.swift */; };
		3061E9A92C5411690044B576 /* NewPlaceView.swift in Sources */ = {isa = PBXBuildFile; fileRef = 3061E9A82C5411690044B576 /* NewPlaceView.swift */; };
		3061E9AB2C54157E0044B576 /* TextFieldCustomView.swift in Sources */ = {isa = PBXBuildFile; fileRef = 3061E9AA2C54157E0044B576 /* TextFieldCustomView.swift */; };
		3061E9AE2C5420C60044B576 /* PlaceCellView.swift in Sources */ = {isa = PBXBuildFile; fileRef = 3061E9AD2C5420C60044B576 /* PlaceCellView.swift */; };
		3061E9B02C5529840044B576 /* PlaceInfoView.swift in Sources */ = {isa = PBXBuildFile; fileRef = 3061E9AF2C5529840044B576 /* PlaceInfoView.swift */; };
		3061E9B22C552EBA0044B576 /* CarCellView.swift in Sources */ = {isa = PBXBuildFile; fileRef = 3061E9B12C552EBA0044B576 /* CarCellView.swift */; };
		3061E9B42C55303D0044B576 /* WorkersCellView.swift in Sources */ = {isa = PBXBuildFile; fileRef = 3061E9B32C55303D0044B576 /* WorkersCellView.swift */; };
		3061E9B62C5538A90044B576 /* Enums.swift in Sources */ = {isa = PBXBuildFile; fileRef = 3061E9B52C5538A90044B576 /* Enums.swift */; };
		3061E9B82C55399E0044B576 /* PickerCarView.swift in Sources */ = {isa = PBXBuildFile; fileRef = 3061E9B72C55399E0044B576 /* PickerCarView.swift */; };
		3061E9BA2C553CD60044B576 /* NewCarsCellView.swift in Sources */ = {isa = PBXBuildFile; fileRef = 3061E9B92C553CD60044B576 /* NewCarsCellView.swift */; };
		3061E9BC2C5582C90044B576 /* UIImageTransformer.swift in Sources */ = {isa = PBXBuildFile; fileRef = 3061E9BB2C5582C90044B576 /* UIImageTransformer.swift */; };
		3061E9BE2C5582EC0044B576 /* Car.swift in Sources */ = {isa = PBXBuildFile; fileRef = 3061E9BD2C5582EC0044B576 /* Car.swift */; };
		3061E9C12C5771360044B576 /* AddWorkersView.swift in Sources */ = {isa = PBXBuildFile; fileRef = 3061E9C02C5771360044B576 /* AddWorkersView.swift */; };
		3061E9C32C57C8310044B576 /* NewWorkerCellView.swift in Sources */ = {isa = PBXBuildFile; fileRef = 3061E9C22C57C8310044B576 /* NewWorkerCellView.swift */; };
		3061E9C52C57D3330044B576 /* PhotoPicker.swift in Sources */ = {isa = PBXBuildFile; fileRef = 3061E9C42C57D3330044B576 /* PhotoPicker.swift */; };
		3061E9C72C57E1F60044B576 /* Worker.swift in Sources */ = {isa = PBXBuildFile; fileRef = 3061E9C62C57E1F60044B576 /* Worker.swift */; };
		3061E9C92C57EA380044B576 /* WorkerCellView.swift in Sources */ = {isa = PBXBuildFile; fileRef = 3061E9C82C57EA380044B576 /* WorkerCellView.swift */; };
		3061E9CC2C580CF60044B576 /* AllCarsView.swift in Sources */ = {isa = PBXBuildFile; fileRef = 3061E9CB2C580CF60044B576 /* AllCarsView.swift */; };
		3061E9CE2C5826B80044B576 /* AddCarsView.swift in Sources */ = {isa = PBXBuildFile; fileRef = 3061E9CD2C5826B80044B576 /* AddCarsView.swift */; };
		3061E9D02C58C7740044B576 /* UserInfoView.swift in Sources */ = {isa = PBXBuildFile; fileRef = 3061E9CF2C58C7740044B576 /* UserInfoView.swift */; };
		3061E9D32C58CBAD0044B576 /* SettingsView.swift in Sources */ = {isa = PBXBuildFile; fileRef = 3061E9D22C58CBAD0044B576 /* SettingsView.swift */; };
		3061E9D52C58CBEA0044B576 /* SettingButton.swift in Sources */ = {isa = PBXBuildFile; fileRef = 3061E9D42C58CBEA0044B576 /* SettingButton.swift */; };
		3061E9DA2C58CC520044B576 /* webView.swift in Sources */ = {isa = PBXBuildFile; fileRef = 3061E9D62C58CC520044B576 /* webView.swift */; };
		3061E9DC2C58CC520044B576 /* WebViewPage.swift in Sources */ = {isa = PBXBuildFile; fileRef = 3061E9D82C58CC520044B576 /* WebViewPage.swift */; };
		3093874C2C50F3FD00CB0885 /* AppDelegate.swift in Sources */ = {isa = PBXBuildFile; fileRef = 3093874B2C50F3FD00CB0885 /* AppDelegate.swift */; };
		3093874E2C50F3FD00CB0885 /* SceneDelegate.swift in Sources */ = {isa = PBXBuildFile; fileRef = 3093874D2C50F3FD00CB0885 /* SceneDelegate.swift */; };
		309387502C50F3FD00CB0885 /* ViewController.swift in Sources */ = {isa = PBXBuildFile; fileRef = 3093874F2C50F3FD00CB0885 /* ViewController.swift */; };
		309387532C50F3FD00CB0885 /* Base in Resources */ = {isa = PBXBuildFile; fileRef = 309387522C50F3FD00CB0885 /* Base */; };
		309387552C50F40100CB0885 /* Assets.xcassets in Resources */ = {isa = PBXBuildFile; fileRef = 309387542C50F40100CB0885 /* Assets.xcassets */; };
		309387582C50F40100CB0885 /* Base in Resources */ = {isa = PBXBuildFile; fileRef = 309387572C50F40100CB0885 /* Base */; };
		309387612C50F43A00CB0885 /* LoadingView.swift in Sources */ = {isa = PBXBuildFile; fileRef = 309387602C50F43A00CB0885 /* LoadingView.swift */; };
/* End PBXBuildFile section */

/* Begin PBXFileReference section */
		3061E97F2C5178B90044B576 /* Registrationview.swift */ = {isa = PBXFileReference; lastKnownFileType = sourcecode.swift; path = Registrationview.swift; sourceTree = "<group>"; };
		3061E9822C5179190044B576 /* CustomTextFieldView.swift */ = {isa = PBXFileReference; lastKnownFileType = sourcecode.swift; path = CustomTextFieldView.swift; sourceTree = "<group>"; };
		3061E9852C517A020044B576 /* RegistrationViewModel.swift */ = {isa = PBXFileReference; lastKnownFileType = sourcecode.swift; path = RegistrationViewModel.swift; sourceTree = "<group>"; };
		3061E9872C517AE80044B576 /* CustomButtonView.swift */ = {isa = PBXFileReference; lastKnownFileType = sourcecode.swift; path = CustomButtonView.swift; sourceTree = "<group>"; };
		3061E98B2C517BC90044B576 /* FastTrack.xcdatamodel */ = {isa = PBXFileReference; lastKnownFileType = wrapper.xcdatamodel; path = FastTrack.xcdatamodel; sourceTree = "<group>"; };
		3061E98D2C517BE20044B576 /* CoreDataManager.swift */ = {isa = PBXFileReference; lastKnownFileType = sourcecode.swift; path = CoreDataManager.swift; sourceTree = "<group>"; };
		3061E99A2C53CBF50044B576 /* ProgressCircleView.swift */ = {isa = PBXFileReference; lastKnownFileType = sourcecode.swift; path = ProgressCircleView.swift; sourceTree = "<group>"; };
		3061E9A02C53E97D0044B576 /* PlacesView.swift */ = {isa = PBXFileReference; lastKnownFileType = sourcecode.swift; path = PlacesView.swift; sourceTree = "<group>"; };
		3061E9A22C53F4DB0044B576 /* toolbarView.swift */ = {isa = PBXFileReference; lastKnownFileType = sourcecode.swift; path = toolbarView.swift; sourceTree = "<group>"; };
		3061E9A42C540CDF0044B576 /* OrangeButtonView.swift */ = {isa = PBXFileReference; lastKnownFileType = sourcecode.swift; path = OrangeButtonView.swift; sourceTree = "<group>"; };
		3061E9A62C540E8E0044B576 /* PlaceViewModel.swift */ = {isa = PBXFileReference; lastKnownFileType = sourcecode.swift; path = PlaceViewModel.swift; sourceTree = "<group>"; };
		3061E9A82C5411690044B576 /* NewPlaceView.swift */ = {isa = PBXFileReference; lastKnownFileType = sourcecode.swift; path = NewPlaceView.swift; sourceTree = "<group>"; };
		3061E9AA2C54157E0044B576 /* TextFieldCustomView.swift */ = {isa = PBXFileReference; lastKnownFileType = sourcecode.swift; path = TextFieldCustomView.swift; sourceTree = "<group>"; };
		3061E9AD2C5420C60044B576 /* PlaceCellView.swift */ = {isa = PBXFileReference; lastKnownFileType = sourcecode.swift; path = PlaceCellView.swift; sourceTree = "<group>"; };
		3061E9AF2C5529840044B576 /* PlaceInfoView.swift */ = {isa = PBXFileReference; lastKnownFileType = sourcecode.swift; path = PlaceInfoView.swift; sourceTree = "<group>"; };
		3061E9B12C552EBA0044B576 /* CarCellView.swift */ = {isa = PBXFileReference; lastKnownFileType = sourcecode.swift; path = CarCellView.swift; sourceTree = "<group>"; };
		3061E9B32C55303D0044B576 /* WorkersCellView.swift */ = {isa = PBXFileReference; lastKnownFileType = sourcecode.swift; path = WorkersCellView.swift; sourceTree = "<group>"; };
		3061E9B52C5538A90044B576 /* Enums.swift */ = {isa = PBXFileReference; lastKnownFileType = sourcecode.swift; path = Enums.swift; sourceTree = "<group>"; };
		3061E9B72C55399E0044B576 /* PickerCarView.swift */ = {isa = PBXFileReference; fileEncoding = 4; lastKnownFileType = sourcecode.swift; path = PickerCarView.swift; sourceTree = "<group>"; };
		3061E9B92C553CD60044B576 /* NewCarsCellView.swift */ = {isa = PBXFileReference; lastKnownFileType = sourcecode.swift; path = NewCarsCellView.swift; sourceTree = "<group>"; };
		3061E9BB2C5582C90044B576 /* UIImageTransformer.swift */ = {isa = PBXFileReference; fileEncoding = 4; lastKnownFileType = sourcecode.swift; path = UIImageTransformer.swift; sourceTree = "<group>"; };
		3061E9BD2C5582EC0044B576 /* Car.swift */ = {isa = PBXFileReference; lastKnownFileType = sourcecode.swift; path = Car.swift; sourceTree = "<group>"; };
		3061E9C02C5771360044B576 /* AddWorkersView.swift */ = {isa = PBXFileReference; lastKnownFileType = sourcecode.swift; path = AddWorkersView.swift; sourceTree = "<group>"; };
		3061E9C22C57C8310044B576 /* NewWorkerCellView.swift */ = {isa = PBXFileReference; lastKnownFileType = sourcecode.swift; path = NewWorkerCellView.swift; sourceTree = "<group>"; };
		3061E9C42C57D3330044B576 /* PhotoPicker.swift */ = {isa = PBXFileReference; fileEncoding = 4; lastKnownFileType = sourcecode.swift; path = PhotoPicker.swift; sourceTree = "<group>"; };
		3061E9C62C57E1F60044B576 /* Worker.swift */ = {isa = PBXFileReference; lastKnownFileType = sourcecode.swift; path = Worker.swift; sourceTree = "<group>"; };
		3061E9C82C57EA380044B576 /* WorkerCellView.swift */ = {isa = PBXFileReference; lastKnownFileType = sourcecode.swift; path = WorkerCellView.swift; sourceTree = "<group>"; };
		3061E9CB2C580CF60044B576 /* AllCarsView.swift */ = {isa = PBXFileReference; lastKnownFileType = sourcecode.swift; path = AllCarsView.swift; sourceTree = "<group>"; };
		3061E9CD2C5826B80044B576 /* AddCarsView.swift */ = {isa = PBXFileReference; lastKnownFileType = sourcecode.swift; path = AddCarsView.swift; sourceTree = "<group>"; };
		3061E9CF2C58C7740044B576 /* UserInfoView.swift */ = {isa = PBXFileReference; lastKnownFileType = sourcecode.swift; path = UserInfoView.swift; sourceTree = "<group>"; };
		3061E9D22C58CBAD0044B576 /* SettingsView.swift */ = {isa = PBXFileReference; lastKnownFileType = sourcecode.swift; path = SettingsView.swift; sourceTree = "<group>"; };
		3061E9D42C58CBEA0044B576 /* SettingButton.swift */ = {isa = PBXFileReference; lastKnownFileType = sourcecode.swift; path = SettingButton.swift; sourceTree = "<group>"; };
		3061E9D62C58CC520044B576 /* webView.swift */ = {isa = PBXFileReference; fileEncoding = 4; lastKnownFileType = sourcecode.swift; path = webView.swift; sourceTree = "<group>"; };
		3061E9D82C58CC520044B576 /* WebViewPage.swift */ = {isa = PBXFileReference; fileEncoding = 4; lastKnownFileType = sourcecode.swift; path = WebViewPage.swift; sourceTree = "<group>"; };
		309387482C50F3FD00CB0885 /* FastTrack.app */ = {isa = PBXFileReference; explicitFileType = wrapper.application; includeInIndex = 0; path = FastTrack.app; sourceTree = BUILT_PRODUCTS_DIR; };
		3093874B2C50F3FD00CB0885 /* AppDelegate.swift */ = {isa = PBXFileReference; lastKnownFileType = sourcecode.swift; path = AppDelegate.swift; sourceTree = "<group>"; };
		3093874D2C50F3FD00CB0885 /* SceneDelegate.swift */ = {isa = PBXFileReference; lastKnownFileType = sourcecode.swift; path = SceneDelegate.swift; sourceTree = "<group>"; };
		3093874F2C50F3FD00CB0885 /* ViewController.swift */ = {isa = PBXFileReference; lastKnownFileType = sourcecode.swift; path = ViewController.swift; sourceTree = "<group>"; };
		309387522C50F3FD00CB0885 /* Base */ = {isa = PBXFileReference; lastKnownFileType = file.storyboard; name = Base; path = Base.lproj/Main.storyboard; sourceTree = "<group>"; };
		309387542C50F40100CB0885 /* Assets.xcassets */ = {isa = PBXFileReference; lastKnownFileType = folder.assetcatalog; path = Assets.xcassets; sourceTree = "<group>"; };
		309387572C50F40100CB0885 /* Base */ = {isa = PBXFileReference; lastKnownFileType = file.storyboard; name = Base; path = Base.lproj/LaunchScreen.storyboard; sourceTree = "<group>"; };
		309387592C50F40100CB0885 /* Info.plist */ = {isa = PBXFileReference; lastKnownFileType = text.plist.xml; path = Info.plist; sourceTree = "<group>"; };
		309387602C50F43A00CB0885 /* LoadingView.swift */ = {isa = PBXFileReference; lastKnownFileType = sourcecode.swift; path = LoadingView.swift; sourceTree = "<group>"; };
/* End PBXFileReference section */

/* Begin PBXFrameworksBuildPhase section */
		309387452C50F3FD00CB0885 /* Frameworks */ = {
			isa = PBXFrameworksBuildPhase;
			buildActionMask = 2147483647;
			files = (
			);
			runOnlyForDeploymentPostprocessing = 0;
		};
/* End PBXFrameworksBuildPhase section */

/* Begin PBXGroup section */
		3061E97E2C5178990044B576 /* Loading */ = {
			isa = PBXGroup;
			children = (
				309387602C50F43A00CB0885 /* LoadingView.swift */,
				3061E9D22C58CBAD0044B576 /* SettingsView.swift */,
			);
			path = Loading;
			sourceTree = "<group>";
		};
		3061E9812C5178FD0044B576 /* Helpers */ = {
			isa = PBXGroup;
			children = (
				3061E9C42C57D3330044B576 /* PhotoPicker.swift */,
				3061E9B72C55399E0044B576 /* PickerCarView.swift */,
				3061E9822C5179190044B576 /* CustomTextFieldView.swift */,
				3061E9872C517AE80044B576 /* CustomButtonView.swift */,
				3061E99A2C53CBF50044B576 /* ProgressCircleView.swift */,
				3061E9A22C53F4DB0044B576 /* toolbarView.swift */,
				3061E9A42C540CDF0044B576 /* OrangeButtonView.swift */,
				3061E9AA2C54157E0044B576 /* TextFieldCustomView.swift */,
				3061E9D42C58CBEA0044B576 /* SettingButton.swift */,
			);
			path = Helpers;
			sourceTree = "<group>";
		};
		3061E9842C5179E70044B576 /* ViewModels */ = {
			isa = PBXGroup;
			children = (
				3061E9852C517A020044B576 /* RegistrationViewModel.swift */,
				3061E9A62C540E8E0044B576 /* PlaceViewModel.swift */,
				3061E9B52C5538A90044B576 /* Enums.swift */,
			);
			path = ViewModels;
			sourceTree = "<group>";
		};
		3061E9892C517B9F0044B576 /* CoreData */ = {
			isa = PBXGroup;
			children = (
				3061E98A2C517BC90044B576 /* FastTrack.xcdatamodeld */,
				3061E98D2C517BE20044B576 /* CoreDataManager.swift */,
				3061E9BB2C5582C90044B576 /* UIImageTransformer.swift */,
				3061E9BD2C5582EC0044B576 /* Car.swift */,
				3061E9C62C57E1F60044B576 /* Worker.swift */,
			);
			path = CoreData;
			sourceTree = "<group>";
		};
		3061E99D2C53E9100044B576 /* PlaceVew */ = {
			isa = PBXGroup;
			children = (
				3061E9A02C53E97D0044B576 /* PlacesView.swift */,
				3061E9A82C5411690044B576 /* NewPlaceView.swift */,
				3061E9AF2C5529840044B576 /* PlaceInfoView.swift */,
			);
			path = PlaceVew;
			sourceTree = "<group>";
		};
		3061E9AC2C541F8E0044B576 /* Cells */ = {
			isa = PBXGroup;
			children = (
				3061E9AD2C5420C60044B576 /* PlaceCellView.swift */,
				3061E9B12C552EBA0044B576 /* CarCellView.swift */,
				3061E9C82C57EA380044B576 /* WorkerCellView.swift */,
			);
			path = Cells;
			sourceTree = "<group>";
		};
		3061E9BF2C5770FE0044B576 /* Workers */ = {
			isa = PBXGroup;
			children = (
				3061E9C22C57C8310044B576 /* NewWorkerCellView.swift */,
				3061E9B32C55303D0044B576 /* WorkersCellView.swift */,
				3061E9C02C5771360044B576 /* AddWorkersView.swift */,
			);
			path = Workers;
			sourceTree = "<group>";
		};
		3061E9CA2C580CE20044B576 /* Cars */ = {
			isa = PBXGroup;
			children = (
				3061E9CB2C580CF60044B576 /* AllCarsView.swift */,
				3061E9B92C553CD60044B576 /* NewCarsCellView.swift */,
				3061E9CD2C5826B80044B576 /* AddCarsView.swift */,
			);
			path = Cars;
			sourceTree = "<group>";
		};
		3061E9D12C58C9AE0044B576 /* UserView */ = {
			isa = PBXGroup;
			children = (
				3061E9CF2C58C7740044B576 /* UserInfoView.swift */,
				3061E97F2C5178B90044B576 /* Registrationview.swift */,
			);
			path = UserView;
			sourceTree = "<group>";
		};
		3061E9D92C58CC520044B576 /* WebView */ = {
			isa = PBXGroup;
			children = (
				3061E9D62C58CC520044B576 /* webView.swift */,
				3061E9D82C58CC520044B576 /* WebViewPage.swift */,
			);
			path = WebView;
			sourceTree = "<group>";
		};
		3093873F2C50F3FD00CB0885 = {
			isa = PBXGroup;
			children = (
				3093874A2C50F3FD00CB0885 /* FastTrack */,
				309387492C50F3FD00CB0885 /* Products */,
			);
			sourceTree = "<group>";
		};
		309387492C50F3FD00CB0885 /* Products */ = {
			isa = PBXGroup;
			children = (
				309387482C50F3FD00CB0885 /* FastTrack.app */,
			);
			name = Products;
			sourceTree = "<group>";
		};
		3093874A2C50F3FD00CB0885 /* FastTrack */ = {
			isa = PBXGroup;
			children = (
				3061E9D92C58CC520044B576 /* WebView */,
				3061E9AC2C541F8E0044B576 /* Cells */,
				3061E9892C517B9F0044B576 /* CoreData */,
				3061E9842C5179E70044B576 /* ViewModels */,
				3061E9812C5178FD0044B576 /* Helpers */,
				3093875F2C50F42400CB0885 /* View */,
				3093874B2C50F3FD00CB0885 /* AppDelegate.swift */,
				3093874D2C50F3FD00CB0885 /* SceneDelegate.swift */,
				3093874F2C50F3FD00CB0885 /* ViewController.swift */,
				309387512C50F3FD00CB0885 /* Main.storyboard */,
				309387542C50F40100CB0885 /* Assets.xcassets */,
				309387562C50F40100CB0885 /* LaunchScreen.storyboard */,
				309387592C50F40100CB0885 /* Info.plist */,
			);
			path = FastTrack;
			sourceTree = "<group>";
		};
		3093875F2C50F42400CB0885 /* View */ = {
			isa = PBXGroup;
			children = (
				3061E9D12C58C9AE0044B576 /* UserView */,
				3061E9CA2C580CE20044B576 /* Cars */,
				3061E9BF2C5770FE0044B576 /* Workers */,
				3061E99D2C53E9100044B576 /* PlaceVew */,
				3061E97E2C5178990044B576 /* Loading */,
			);
			path = View;
			sourceTree = "<group>";
		};
/* End PBXGroup section */

/* Begin PBXNativeTarget section */
		309387472C50F3FD00CB0885 /* FastTrack */ = {
			isa = PBXNativeTarget;
			buildConfigurationList = 3093875C2C50F40100CB0885 /* Build configuration list for PBXNativeTarget "FastTrack" */;
			buildPhases = (
				309387442C50F3FD00CB0885 /* Sources */,
				309387452C50F3FD00CB0885 /* Frameworks */,
				309387462C50F3FD00CB0885 /* Resources */,
			);
			buildRules = (
			);
			dependencies = (
			);
			name = FastTrack;
			productName = FastTrack;
			productReference = 309387482C50F3FD00CB0885 /* FastTrack.app */;
			productType = "com.apple.product-type.application";
		};
/* End PBXNativeTarget section */

/* Begin PBXProject section */
		309387402C50F3FD00CB0885 /* Project object */ = {
			isa = PBXProject;
			attributes = {
				BuildIndependentTargetsInParallel = 1;
				LastSwiftUpdateCheck = 1530;
				LastUpgradeCheck = 1530;
				TargetAttributes = {
					309387472C50F3FD00CB0885 = {
						CreatedOnToolsVersion = 15.3;
					};
				};
			};
			buildConfigurationList = 309387432C50F3FD00CB0885 /* Build configuration list for PBXProject "FastTrack" */;
			compatibilityVersion = "Xcode 14.0";
			developmentRegion = en;
			hasScannedForEncodings = 0;
			knownRegions = (
				en,
				Base,
			);
			mainGroup = 3093873F2C50F3FD00CB0885;
			productRefGroup = 309387492C50F3FD00CB0885 /* Products */;
			projectDirPath = "";
			projectRoot = "";
			targets = (
				309387472C50F3FD00CB0885 /* FastTrack */,
			);
		};
/* End PBXProject section */

/* Begin PBXResourcesBuildPhase section */
		309387462C50F3FD00CB0885 /* Resources */ = {
			isa = PBXResourcesBuildPhase;
			buildActionMask = 2147483647;
			files = (
				309387552C50F40100CB0885 /* Assets.xcassets in Resources */,
				309387582C50F40100CB0885 /* Base in Resources */,
				309387532C50F3FD00CB0885 /* Base in Resources */,
			);
			runOnlyForDeploymentPostprocessing = 0;
		};
/* End PBXResourcesBuildPhase section */

/* Begin PBXSourcesBuildPhase section */
		309387442C50F3FD00CB0885 /* Sources */ = {
			isa = PBXSourcesBuildPhase;
			buildActionMask = 2147483647;
			files = (
				3061E9DC2C58CC520044B576 /* WebViewPage.swift in Sources */,
				3061E9D32C58CBAD0044B576 /* SettingsView.swift in Sources */,
				3061E99B2C53CBF50044B576 /* ProgressCircleView.swift in Sources */,
				3061E9A72C540E8E0044B576 /* PlaceViewModel.swift in Sources */,
				309387502C50F3FD00CB0885 /* ViewController.swift in Sources */,
				3061E9A52C540CDF0044B576 /* OrangeButtonView.swift in Sources */,
				3061E9BE2C5582EC0044B576 /* Car.swift in Sources */,
				3061E9B42C55303D0044B576 /* WorkersCellView.swift in Sources */,
				3093874C2C50F3FD00CB0885 /* AppDelegate.swift in Sources */,
				3061E9B22C552EBA0044B576 /* CarCellView.swift in Sources */,
				3093874E2C50F3FD00CB0885 /* SceneDelegate.swift in Sources */,
				3061E9CC2C580CF60044B576 /* AllCarsView.swift in Sources */,
				3061E9882C517AE80044B576 /* CustomButtonView.swift in Sources */,
				3061E9A92C5411690044B576 /* NewPlaceView.swift in Sources */,
				3061E9B62C5538A90044B576 /* Enums.swift in Sources */,
				3061E9862C517A020044B576 /* RegistrationViewModel.swift in Sources */,
				3061E9B02C5529840044B576 /* PlaceInfoView.swift in Sources */,
				3061E9D02C58C7740044B576 /* UserInfoView.swift in Sources */,
				3061E9A32C53F4DB0044B576 /* toolbarView.swift in Sources */,
				3061E9C92C57EA380044B576 /* WorkerCellView.swift in Sources */,
				3061E9A12C53E97D0044B576 /* PlacesView.swift in Sources */,
				3061E9D52C58CBEA0044B576 /* SettingButton.swift in Sources */,
				309387612C50F43A00CB0885 /* LoadingView.swift in Sources */,
				3061E9B82C55399E0044B576 /* PickerCarView.swift in Sources */,
				3061E9DA2C58CC520044B576 /* webView.swift in Sources */,
				3061E9CE2C5826B80044B576 /* AddCarsView.swift in Sources */,
				3061E9AE2C5420C60044B576 /* PlaceCellView.swift in Sources */,
				3061E98C2C517BC90044B576 /* FastTrack.xcdatamodeld in Sources */,
				3061E9BC2C5582C90044B576 /* UIImageTransformer.swift in Sources */,
				3061E9C32C57C8310044B576 /* NewWorkerCellView.swift in Sources */,
				3061E9C12C5771360044B576 /* AddWorkersView.swift in Sources */,
				3061E9802C5178B90044B576 /* Registrationview.swift in Sources */,
				3061E98E2C517BE20044B576 /* CoreDataManager.swift in Sources */,
				3061E9C72C57E1F60044B576 /* Worker.swift in Sources */,
				3061E9C52C57D3330044B576 /* PhotoPicker.swift in Sources */,
				3061E9AB2C54157E0044B576 /* TextFieldCustomView.swift in Sources */,
				3061E9BA2C553CD60044B576 /* NewCarsCellView.swift in Sources */,
				3061E9832C5179190044B576 /* CustomTextFieldView.swift in Sources */,
			);
			runOnlyForDeploymentPostprocessing = 0;
		};
/* End PBXSourcesBuildPhase section */

/* Begin PBXVariantGroup section */
		309387512C50F3FD00CB0885 /* Main.storyboard */ = {
			isa = PBXVariantGroup;
			children = (
				309387522C50F3FD00CB0885 /* Base */,
			);
			name = Main.storyboard;
			sourceTree = "<group>";
		};
		309387562C50F40100CB0885 /* LaunchScreen.storyboard */ = {
			isa = PBXVariantGroup;
			children = (
				309387572C50F40100CB0885 /* Base */,
			);
			name = LaunchScreen.storyboard;
			sourceTree = "<group>";
		};
/* End PBXVariantGroup section */

/* Begin XCBuildConfiguration section */
		3093875A2C50F40100CB0885 /* Debug */ = {
			isa = XCBuildConfiguration;
			buildSettings = {
				ALWAYS_SEARCH_USER_PATHS = NO;
				ASSETCATALOG_COMPILER_GENERATE_SWIFT_ASSET_SYMBOL_EXTENSIONS = YES;
				CLANG_ANALYZER_NONNULL = YES;
				CLANG_ANALYZER_NUMBER_OBJECT_CONVERSION = YES_AGGRESSIVE;
				CLANG_CXX_LANGUAGE_STANDARD = "gnu++20";
				CLANG_ENABLE_MODULES = YES;
				CLANG_ENABLE_OBJC_ARC = YES;
				CLANG_ENABLE_OBJC_WEAK = YES;
				CLANG_WARN_BLOCK_CAPTURE_AUTORELEASING = YES;
				CLANG_WARN_BOOL_CONVERSION = YES;
				CLANG_WARN_COMMA = YES;
				CLANG_WARN_CONSTANT_CONVERSION = YES;
				CLANG_WARN_DEPRECATED_OBJC_IMPLEMENTATIONS = YES;
				CLANG_WARN_DIRECT_OBJC_ISA_USAGE = YES_ERROR;
				CLANG_WARN_DOCUMENTATION_COMMENTS = YES;
				CLANG_WARN_EMPTY_BODY = YES;
				CLANG_WARN_ENUM_CONVERSION = YES;
				CLANG_WARN_INFINITE_RECURSION = YES;
				CLANG_WARN_INT_CONVERSION = YES;
				CLANG_WARN_NON_LITERAL_NULL_CONVERSION = YES;
				CLANG_WARN_OBJC_IMPLICIT_RETAIN_SELF = YES;
				CLANG_WARN_OBJC_LITERAL_CONVERSION = YES;
				CLANG_WARN_OBJC_ROOT_CLASS = YES_ERROR;
				CLANG_WARN_QUOTED_INCLUDE_IN_FRAMEWORK_HEADER = YES;
				CLANG_WARN_RANGE_LOOP_ANALYSIS = YES;
				CLANG_WARN_STRICT_PROTOTYPES = YES;
				CLANG_WARN_SUSPICIOUS_MOVE = YES;
				CLANG_WARN_UNGUARDED_AVAILABILITY = YES_AGGRESSIVE;
				CLANG_WARN_UNREACHABLE_CODE = YES;
				CLANG_WARN__DUPLICATE_METHOD_MATCH = YES;
				COPY_PHASE_STRIP = NO;
				DEBUG_INFORMATION_FORMAT = dwarf;
				ENABLE_STRICT_OBJC_MSGSEND = YES;
				ENABLE_TESTABILITY = YES;
				ENABLE_USER_SCRIPT_SANDBOXING = YES;
				GCC_C_LANGUAGE_STANDARD = gnu17;
				GCC_DYNAMIC_NO_PIC = NO;
				GCC_NO_COMMON_BLOCKS = YES;
				GCC_OPTIMIZATION_LEVEL = 0;
				GCC_PREPROCESSOR_DEFINITIONS = (
					"DEBUG=1",
					"$(inherited)",
				);
				GCC_WARN_64_TO_32_BIT_CONVERSION = YES;
				GCC_WARN_ABOUT_RETURN_TYPE = YES_ERROR;
				GCC_WARN_UNDECLARED_SELECTOR = YES;
				GCC_WARN_UNINITIALIZED_AUTOS = YES_AGGRESSIVE;
				GCC_WARN_UNUSED_FUNCTION = YES;
				GCC_WARN_UNUSED_VARIABLE = YES;
				IPHONEOS_DEPLOYMENT_TARGET = 17.4;
				LOCALIZATION_PREFERS_STRING_CATALOGS = YES;
				MTL_ENABLE_DEBUG_INFO = INCLUDE_SOURCE;
				MTL_FAST_MATH = YES;
				ONLY_ACTIVE_ARCH = YES;
				SDKROOT = iphoneos;
				SWIFT_ACTIVE_COMPILATION_CONDITIONS = "DEBUG $(inherited)";
				SWIFT_OPTIMIZATION_LEVEL = "-Onone";
			};
			name = Debug;
		};
		3093875B2C50F40100CB0885 /* Release */ = {
			isa = XCBuildConfiguration;
			buildSettings = {
				ALWAYS_SEARCH_USER_PATHS = NO;
				ASSETCATALOG_COMPILER_GENERATE_SWIFT_ASSET_SYMBOL_EXTENSIONS = YES;
				CLANG_ANALYZER_NONNULL = YES;
				CLANG_ANALYZER_NUMBER_OBJECT_CONVERSION = YES_AGGRESSIVE;
				CLANG_CXX_LANGUAGE_STANDARD = "gnu++20";
				CLANG_ENABLE_MODULES = YES;
				CLANG_ENABLE_OBJC_ARC = YES;
				CLANG_ENABLE_OBJC_WEAK = YES;
				CLANG_WARN_BLOCK_CAPTURE_AUTORELEASING = YES;
				CLANG_WARN_BOOL_CONVERSION = YES;
				CLANG_WARN_COMMA = YES;
				CLANG_WARN_CONSTANT_CONVERSION = YES;
				CLANG_WARN_DEPRECATED_OBJC_IMPLEMENTATIONS = YES;
				CLANG_WARN_DIRECT_OBJC_ISA_USAGE = YES_ERROR;
				CLANG_WARN_DOCUMENTATION_COMMENTS = YES;
				CLANG_WARN_EMPTY_BODY = YES;
				CLANG_WARN_ENUM_CONVERSION = YES;
				CLANG_WARN_INFINITE_RECURSION = YES;
				CLANG_WARN_INT_CONVERSION = YES;
				CLANG_WARN_NON_LITERAL_NULL_CONVERSION = YES;
				CLANG_WARN_OBJC_IMPLICIT_RETAIN_SELF = YES;
				CLANG_WARN_OBJC_LITERAL_CONVERSION = YES;
				CLANG_WARN_OBJC_ROOT_CLASS = YES_ERROR;
				CLANG_WARN_QUOTED_INCLUDE_IN_FRAMEWORK_HEADER = YES;
				CLANG_WARN_RANGE_LOOP_ANALYSIS = YES;
				CLANG_WARN_STRICT_PROTOTYPES = YES;
				CLANG_WARN_SUSPICIOUS_MOVE = YES;
				CLANG_WARN_UNGUARDED_AVAILABILITY = YES_AGGRESSIVE;
				CLANG_WARN_UNREACHABLE_CODE = YES;
				CLANG_WARN__DUPLICATE_METHOD_MATCH = YES;
				COPY_PHASE_STRIP = NO;
				DEBUG_INFORMATION_FORMAT = "dwarf-with-dsym";
				ENABLE_NS_ASSERTIONS = NO;
				ENABLE_STRICT_OBJC_MSGSEND = YES;
				ENABLE_USER_SCRIPT_SANDBOXING = YES;
				GCC_C_LANGUAGE_STANDARD = gnu17;
				GCC_NO_COMMON_BLOCKS = YES;
				GCC_WARN_64_TO_32_BIT_CONVERSION = YES;
				GCC_WARN_ABOUT_RETURN_TYPE = YES_ERROR;
				GCC_WARN_UNDECLARED_SELECTOR = YES;
				GCC_WARN_UNINITIALIZED_AUTOS = YES_AGGRESSIVE;
				GCC_WARN_UNUSED_FUNCTION = YES;
				GCC_WARN_UNUSED_VARIABLE = YES;
				IPHONEOS_DEPLOYMENT_TARGET = 17.4;
				LOCALIZATION_PREFERS_STRING_CATALOGS = YES;
				MTL_ENABLE_DEBUG_INFO = NO;
				MTL_FAST_MATH = YES;
				SDKROOT = iphoneos;
				SWIFT_COMPILATION_MODE = wholemodule;
				VALIDATE_PRODUCT = YES;
			};
			name = Release;
		};
		3093875D2C50F40100CB0885 /* Debug */ = {
			isa = XCBuildConfiguration;
			buildSettings = {
				ASSETCATALOG_COMPILER_APPICON_NAME = AppIcon;
				ASSETCATALOG_COMPILER_GLOBAL_ACCENT_COLOR_NAME = AccentColor;
				CODE_SIGN_STYLE = Automatic;
				CURRENT_PROJECT_VERSION = 1;
				GENERATE_INFOPLIST_FILE = YES;
				INFOPLIST_FILE = FastTrack/Info.plist;
				INFOPLIST_KEY_CFBundleDisplayName = "FastTrack Admin";
				INFOPLIST_KEY_UIApplicationSupportsIndirectInputEvents = YES;
				INFOPLIST_KEY_UILaunchStoryboardName = LaunchScreen;
				INFOPLIST_KEY_UIMainStoryboardFile = Main;
				INFOPLIST_KEY_UISupportedInterfaceOrientations = UIInterfaceOrientationPortrait;
				INFOPLIST_KEY_UISupportedInterfaceOrientations_iPad = "UIInterfaceOrientationLandscapeLeft UIInterfaceOrientationLandscapeRight UIInterfaceOrientationPortrait UIInterfaceOrientationPortraitUpsideDown";
				IPHONEOS_DEPLOYMENT_TARGET = 15.0;
				LD_RUNPATH_SEARCH_PATHS = (
					"$(inherited)",
					"@executable_path/Frameworks",
				);
				MARKETING_VERSION = 1.0;
				PRODUCT_BUNDLE_IDENTIFIER = com.fasttrack.mikhailiy;
				PRODUCT_NAME = "$(TARGET_NAME)";
				SUPPORTED_PLATFORMS = "iphoneos iphonesimulator";
				SUPPORTS_MACCATALYST = NO;
				SUPPORTS_MAC_DESIGNED_FOR_IPHONE_IPAD = NO;
				SUPPORTS_XR_DESIGNED_FOR_IPHONE_IPAD = NO;
				SWIFT_EMIT_LOC_STRINGS = YES;
				SWIFT_VERSION = 5.0;
				TARGETED_DEVICE_FAMILY = 1;
			};
			name = Debug;
		};
		3093875E2C50F40100CB0885 /* Release */ = {
			isa = XCBuildConfiguration;
			buildSettings = {
				ASSETCATALOG_COMPILER_APPICON_NAME = AppIcon;
				ASSETCATALOG_COMPILER_GLOBAL_ACCENT_COLOR_NAME = AccentColor;
				CODE_SIGN_STYLE = Automatic;
				CURRENT_PROJECT_VERSION = 1;
				GENERATE_INFOPLIST_FILE = YES;
				INFOPLIST_FILE = FastTrack/Info.plist;
				INFOPLIST_KEY_CFBundleDisplayName = "FastTrack Admin";
				INFOPLIST_KEY_UIApplicationSupportsIndirectInputEvents = YES;
				INFOPLIST_KEY_UILaunchStoryboardName = LaunchScreen;
				INFOPLIST_KEY_UIMainStoryboardFile = Main;
				INFOPLIST_KEY_UISupportedInterfaceOrientations = UIInterfaceOrientationPortrait;
				INFOPLIST_KEY_UISupportedInterfaceOrientations_iPad = "UIInterfaceOrientationLandscapeLeft UIInterfaceOrientationLandscapeRight UIInterfaceOrientationPortrait UIInterfaceOrientationPortraitUpsideDown";
				IPHONEOS_DEPLOYMENT_TARGET = 15.0;
				LD_RUNPATH_SEARCH_PATHS = (
					"$(inherited)",
					"@executable_path/Frameworks",
				);
				MARKETING_VERSION = 1.0;
				PRODUCT_BUNDLE_IDENTIFIER = com.fasttrack.mikhailiy;
				PRODUCT_NAME = "$(TARGET_NAME)";
				SUPPORTED_PLATFORMS = "iphoneos iphonesimulator";
				SUPPORTS_MACCATALYST = NO;
				SUPPORTS_MAC_DESIGNED_FOR_IPHONE_IPAD = NO;
				SUPPORTS_XR_DESIGNED_FOR_IPHONE_IPAD = NO;
				SWIFT_EMIT_LOC_STRINGS = YES;
				SWIFT_VERSION = 5.0;
				TARGETED_DEVICE_FAMILY = 1;
			};
			name = Release;
		};
/* End XCBuildConfiguration section */

/* Begin XCConfigurationList section */
		309387432C50F3FD00CB0885 /* Build configuration list for PBXProject "FastTrack" */ = {
			isa = XCConfigurationList;
			buildConfigurations = (
				3093875A2C50F40100CB0885 /* Debug */,
				3093875B2C50F40100CB0885 /* Release */,
			);
			defaultConfigurationIsVisible = 0;
			defaultConfigurationName = Release;
		};
		3093875C2C50F40100CB0885 /* Build configuration list for PBXNativeTarget "FastTrack" */ = {
			isa = XCConfigurationList;
			buildConfigurations = (
				3093875D2C50F40100CB0885 /* Debug */,
				3093875E2C50F40100CB0885 /* Release */,
			);
			defaultConfigurationIsVisible = 0;
			defaultConfigurationName = Release;
		};
/* End XCConfigurationList section */

/* Begin XCVersionGroup section */
		3061E98A2C517BC90044B576 /* FastTrack.xcdatamodeld */ = {
			isa = XCVersionGroup;
			children = (
				3061E98B2C517BC90044B576 /* FastTrack.xcdatamodel */,
			);
			currentVersion = 3061E98B2C517BC90044B576 /* FastTrack.xcdatamodel */;
			name = FastTrack.xcdatamodeld;
			path = /Users/roman/Downloads/XcodeProgramm/FastTrack/FastTrack/CoreData/FastTrack.xcdatamodeld;
			sourceTree = "<group>";
			versionGroupType = wrapper.xcdatamodel;
		};
/* End XCVersionGroup section */
	};
	rootObject = 309387402C50F3FD00CB0885 /* Project object */;
}
